
Microsoft Visual Studio Solution File, Format Version 12.00
# Visual Studio Version 17
VisualStudioVersion = 17.8.34525.116
MinimumVisualStudioVersion = 10.0.40219.1
Project("{9A19103F-16F7-4668-BE54-9A1E7A4F7556}") = "TeacherToolbox", "TeacherToolbox\TeacherToolbox.csproj", "{7D9E66E6-FB25-4258-A783-87F3A83C9680}"
	ProjectSection(ProjectDependencies) = postProject
		{780D0AFA-EB58-485F-A3D6-CE0984885719} = {780D0AFA-EB58-485F-A3D6-CE0984885719}
	EndProjectSection
EndProject
Project("{9A19103F-16F7-4668-BE54-9A1E7A4F7556}") = "ShortcutWatcher", "ShortcutWatcher\ShortcutWatcher.csproj", "{780D0AFA-EB58-485F-A3D6-CE0984885719}"
EndProject
Project("{FAE04EC0-301F-11D3-BF4B-00C04F79EFBC}") = "TeacherToolBox.Tests", "TTBIntegrationTesting\TeacherToolBox.Tests.csproj", "{C678745D-AD52-4AC2-B677-B357D3DE6F7E}"
	ProjectSection(ProjectDependencies) = postProject
		{780D0AFA-EB58-485F-A3D6-CE0984885719} = {780D0AFA-EB58-485F-A3D6-CE0984885719}
		{7D9E66E6-FB25-4258-A783-87F3A83C9680} = {7D9E66E6-FB25-4258-A783-87F3A83C9680}
	EndProjectSection
EndProject
Project("{FAE04EC0-301F-11D3-BF4B-00C04F79EFBC}") = "TeacherToolbox.IntegrationTests", "TeacherToolbox.IntegrationTests\TeacherToolbox.IntegrationTests.csproj", "{FB4BC815-0BC8-48A2-8C28-8EF456E0E02C}"
EndProject
Global
	GlobalSection(SolutionConfigurationPlatforms) = preSolution
		Debug|x86 = Debug|x86
		Release|x86 = Release|x86
	EndGlobalSection
	GlobalSection(ProjectConfigurationPlatforms) = postSolution
		{7D9E66E6-FB25-4258-A783-87F3A83C9680}.Debug|x86.ActiveCfg = Debug|x86
		{7D9E66E6-FB25-4258-A783-87F3A83C9680}.Debug|x86.Build.0 = Debug|x86
		{7D9E66E6-FB25-4258-A783-87F3A83C9680}.Debug|x86.Deploy.0 = Debug|x86
		{7D9E66E6-FB25-4258-A783-87F3A83C9680}.Release|x86.ActiveCfg = Release|x86
		{7D9E66E6-FB25-4258-A783-87F3A83C9680}.Release|x86.Build.0 = Release|x86
		{7D9E66E6-FB25-4258-A783-87F3A83C9680}.Release|x86.Deploy.0 = Release|x86
		{780D0AFA-EB58-485F-A3D6-CE0984885719}.Debug|x86.ActiveCfg = Debug|x86
		{780D0AFA-EB58-485F-A3D6-CE0984885719}.Debug|x86.Build.0 = Debug|x86
		{780D0AFA-EB58-485F-A3D6-CE0984885719}.Release|x86.ActiveCfg = Release|x86
		{780D0AFA-EB58-485F-A3D6-CE0984885719}.Release|x86.Build.0 = Release|x86
		{C678745D-AD52-4AC2-B677-B357D3DE6F7E}.Debug|x86.ActiveCfg = Debug|x86
		{C678745D-AD52-4AC2-B677-B357D3DE6F7E}.Debug|x86.Build.0 = Debug|x86
		{C678745D-AD52-4AC2-B677-B357D3DE6F7E}.Release|x86.ActiveCfg = Release|x86
		{C678745D-AD52-4AC2-B677-B357D3DE6F7E}.Release|x86.Build.0 = Release|x86
		{FB4BC815-0BC8-48A2-8C28-8EF456E0E02C}.Debug|x86.ActiveCfg = Debug|x86
		{FB4BC815-0BC8-48A2-8C28-8EF456E0E02C}.Debug|x86.Build.0 = Debug|x86
		{FB4BC815-0BC8-48A2-8C28-8EF456E0E02C}.Debug|x86.Deploy.0 = Debug|x86
		{FB4BC815-0BC8-48A2-8C28-8EF456E0E02C}.Release|x86.ActiveCfg = Release|x86
		{FB4BC815-0BC8-48A2-8C28-8EF456E0E02C}.Release|x86.Build.0 = Release|x86
		{FB4BC815-0BC8-48A2-8C28-8EF456E0E02C}.Release|x86.Deploy.0 = Release|x86
	EndGlobalSection
	GlobalSection(SolutionProperties) = preSolution
		HideSolutionNode = FALSE
	EndGlobalSection
	GlobalSection(ExtensibilityGlobals) = postSolution
		SolutionGuid = {120A9A08-037B-4010-880C-AD92FEAE9A4D}
	EndGlobalSection
EndGlobal
